
Microsoft Visual Studio Solution File, Format Version 12.00
Project("{FAE04EC0-301F-11D3-BF4B-00C04F79EFBC}") = "FullTextSearchTDD", "FullTextSearchTDD\FullTextSearchTDD.csproj", "{AE13DD43-E46A-433B-94F5-836D142D3417}"
EndProject
Global
	GlobalSection(SolutionConfigurationPlatforms) = preSolution
		Debug|Any CPU = Debug|Any CPU
		Release|Any CPU = Release|Any CPU
	EndGlobalSection
	GlobalSection(ProjectConfigurationPlatforms) = postSolution
		{AE13DD43-E46A-433B-94F5-836D142D3417}.Debug|Any CPU.ActiveCfg = Debug|Any CPU
		{AE13DD43-E46A-433B-94F5-836D142D3417}.Debug|Any CPU.Build.0 = Debug|Any CPU
		{AE13DD43-E46A-433B-94F5-836D142D3417}.Release|Any CPU.ActiveCfg = Release|Any CPU
		{AE13DD43-E46A-433B-94F5-836D142D3417}.Release|Any CPU.Build.0 = Release|Any CPU
	EndGlobalSection
EndGlobal
